
Microsoft Visual Studio Solution File, Format Version 12.00
# Visual Studio Version 16
VisualStudioVersion = 16.0.31005.135
MinimumVisualStudioVersion = 10.0.40219.1
Project("{9A19103F-16F7-4668-BE54-9A1E7A4F7556}") = "Barclays.ToDo.API", "Barclays.ToDo.API\Barclays.ToDo.API.csproj", "{ECA2FD2F-7347-436E-A3FD-E59BA35325A3}"
EndProject
Project("{9A19103F-16F7-4668-BE54-9A1E7A4F7556}") = "Barclays.ToDo.Data", "Barclays.ToDo.Data\Barclays.ToDo.Data.csproj", "{311C857F-1AF7-4ED5-9D4B-8F5154DF4870}"
EndProject
Project("{9A19103F-16F7-4668-BE54-9A1E7A4F7556}") = "Barclays.ToDo.Services", "Barclays.ToDo.Services\Barclays.ToDo.Services.csproj", "{4EE4DF4E-5FF0-4D65-9D21-4A926655E11F}"
EndProject
Project("{9A19103F-16F7-4668-BE54-9A1E7A4F7556}") = "Barclays.ToDo.Tests", "Barclays.ToDo.ServicesTests\Barclays.ToDo.Tests.csproj", "{E63872CD-ACEE-4E3B-B5B0-AD735C6D3E3F}"
EndProject
Project("{2150E333-8FDC-42A3-9474-1A3956D46DE8}") = "Solution Items", "Solution Items", "{5E87686B-50ED-49A8-BF59-B165BE6D406B}"
	ProjectSection(SolutionItems) = preProject
		readme.md = readme.md
	EndProjectSection
EndProject
Global
	GlobalSection(SolutionConfigurationPlatforms) = preSolution
		Debug|Any CPU = Debug|Any CPU
		Release|Any CPU = Release|Any CPU
	EndGlobalSection
	GlobalSection(ProjectConfigurationPlatforms) = postSolution
		{ECA2FD2F-7347-436E-A3FD-E59BA35325A3}.Debug|Any CPU.ActiveCfg = Debug|Any CPU
		{ECA2FD2F-7347-436E-A3FD-E59BA35325A3}.Debug|Any CPU.Build.0 = Debug|Any CPU
		{ECA2FD2F-7347-436E-A3FD-E59BA35325A3}.Release|Any CPU.ActiveCfg = Release|Any CPU
		{ECA2FD2F-7347-436E-A3FD-E59BA35325A3}.Release|Any CPU.Build.0 = Release|Any CPU
		{311C857F-1AF7-4ED5-9D4B-8F5154DF4870}.Debug|Any CPU.ActiveCfg = Debug|Any CPU
		{311C857F-1AF7-4ED5-9D4B-8F5154DF4870}.Debug|Any CPU.Build.0 = Debug|Any CPU
		{311C857F-1AF7-4ED5-9D4B-8F5154DF4870}.Release|Any CPU.ActiveCfg = Release|Any CPU
		{311C857F-1AF7-4ED5-9D4B-8F5154DF4870}.Release|Any CPU.Build.0 = Release|Any CPU
		{4EE4DF4E-5FF0-4D65-9D21-4A926655E11F}.Debug|Any CPU.ActiveCfg = Debug|Any CPU
		{4EE4DF4E-5FF0-4D65-9D21-4A926655E11F}.Debug|Any CPU.Build.0 = Debug|Any CPU
		{4EE4DF4E-5FF0-4D65-9D21-4A926655E11F}.Release|Any CPU.ActiveCfg = Release|Any CPU
		{4EE4DF4E-5FF0-4D65-9D21-4A926655E11F}.Release|Any CPU.Build.0 = Release|Any CPU
		{E63872CD-ACEE-4E3B-B5B0-AD735C6D3E3F}.Debug|Any CPU.ActiveCfg = Debug|Any CPU
		{E63872CD-ACEE-4E3B-B5B0-AD735C6D3E3F}.Debug|Any CPU.Build.0 = Debug|Any CPU
		{E63872CD-ACEE-4E3B-B5B0-AD735C6D3E3F}.Release|Any CPU.ActiveCfg = Release|Any CPU
		{E63872CD-ACEE-4E3B-B5B0-AD735C6D3E3F}.Release|Any CPU.Build.0 = Release|Any CPU
	EndGlobalSection
	GlobalSection(SolutionProperties) = preSolution
		HideSolutionNode = FALSE
	EndGlobalSection
	GlobalSection(ExtensibilityGlobals) = postSolution
		SolutionGuid = {CF5FAEA7-46D8-4AAE-B4BF-BC0AF0ED4A2D}
	EndGlobalSection
EndGlobal
